
Microsoft Visual Studio Solution File, Format Version 12.00
# Visual Studio Version 17
VisualStudioVersion = 17.3.32901.215
MinimumVisualStudioVersion = 10.0.40219.1
Project("{FAE04EC0-301F-11D3-BF4B-00C04F79EFBC}") = "JCDataExtractor", "JCDataExtractor\JCDataExtractor.csproj", "{74433E6D-11C7-4E06-8054-F7694323BE35}"
EndProject
Project("{FAE04EC0-301F-11D3-BF4B-00C04F79EFBC}") = "JCDataExtractor.Services", "JCDataExtractor.Services\JCDataExtractor.Services.csproj", "{863D4C1D-87AC-4F27-8849-2D8DF10C864B}"
EndProject
Project("{FAE04EC0-301F-11D3-BF4B-00C04F79EFBC}") = "JCDataExtractor.Models", "JCDataExtractor.Models\JCDataExtractor.Models.csproj", "{3F9DA843-8DCD-4EA2-8884-6330372779F8}"
EndProject
Project("{FAE04EC0-301F-11D3-BF4B-00C04F79EFBC}") = "JCDataExtractor.ServicesTests", "JCDataExtractor.ServicesTests\JCDataExtractor.ServicesTests.csproj", "{CD41976E-62F0-46F8-A0BF-E23570021C0D}"
EndProject
Global
	GlobalSection(SolutionConfigurationPlatforms) = preSolution
		Debug|Any CPU = Debug|Any CPU
		Release|Any CPU = Release|Any CPU
	EndGlobalSection
	GlobalSection(ProjectConfigurationPlatforms) = postSolution
		{74433E6D-11C7-4E06-8054-F7694323BE35}.Debug|Any CPU.ActiveCfg = Debug|Any CPU
		{74433E6D-11C7-4E06-8054-F7694323BE35}.Debug|Any CPU.Build.0 = Debug|Any CPU
		{74433E6D-11C7-4E06-8054-F7694323BE35}.Release|Any CPU.ActiveCfg = Release|Any CPU
		{74433E6D-11C7-4E06-8054-F7694323BE35}.Release|Any CPU.Build.0 = Release|Any CPU
		{863D4C1D-87AC-4F27-8849-2D8DF10C864B}.Debug|Any CPU.ActiveCfg = Debug|Any CPU
		{863D4C1D-87AC-4F27-8849-2D8DF10C864B}.Debug|Any CPU.Build.0 = Debug|Any CPU
		{863D4C1D-87AC-4F27-8849-2D8DF10C864B}.Release|Any CPU.ActiveCfg = Release|Any CPU
		{863D4C1D-87AC-4F27-8849-2D8DF10C864B}.Release|Any CPU.Build.0 = Release|Any CPU
		{3F9DA843-8DCD-4EA2-8884-6330372779F8}.Debug|Any CPU.ActiveCfg = Debug|Any CPU
		{3F9DA843-8DCD-4EA2-8884-6330372779F8}.Debug|Any CPU.Build.0 = Debug|Any CPU
		{3F9DA843-8DCD-4EA2-8884-6330372779F8}.Release|Any CPU.ActiveCfg = Release|Any CPU
		{3F9DA843-8DCD-4EA2-8884-6330372779F8}.Release|Any CPU.Build.0 = Release|Any CPU
		{CD41976E-62F0-46F8-A0BF-E23570021C0D}.Debug|Any CPU.ActiveCfg = Debug|Any CPU
		{CD41976E-62F0-46F8-A0BF-E23570021C0D}.Debug|Any CPU.Build.0 = Debug|Any CPU
		{CD41976E-62F0-46F8-A0BF-E23570021C0D}.Release|Any CPU.ActiveCfg = Release|Any CPU
		{CD41976E-62F0-46F8-A0BF-E23570021C0D}.Release|Any CPU.Build.0 = Release|Any CPU
	EndGlobalSection
	GlobalSection(SolutionProperties) = preSolution
		HideSolutionNode = FALSE
	EndGlobalSection
	GlobalSection(ExtensibilityGlobals) = postSolution
		SolutionGuid = {FDBEADC2-B368-44C3-95AE-75D0320AE0E2}
	EndGlobalSection
EndGlobal
